
Microsoft Visual Studio Solution File, Format Version 12.00
# Visual Studio Version 17
VisualStudioVersion = 17.12.35527.113 d17.12
MinimumVisualStudioVersion = 10.0.40219.1
Project("{FAE04EC0-301F-11D3-BF4B-00C04F79EFBC}") = "LDR_Empower_GQI001", "LDR_Empower_GQI001\LDR_Empower_GQI001.csproj", "{6FF1E083-F856-4EED-ACE8-FFC68E2EAFEE}"
EndProject
Global
	GlobalSection(SolutionConfigurationPlatforms) = preSolution
		Debug|Any CPU = Debug|Any CPU
		Release|Any CPU = Release|Any CPU
	EndGlobalSection
	GlobalSection(ProjectConfigurationPlatforms) = postSolution
		{6FF1E083-F856-4EED-ACE8-FFC68E2EAFEE}.Debug|Any CPU.ActiveCfg = Debug|Any CPU
		{6FF1E083-F856-4EED-ACE8-FFC68E2EAFEE}.Debug|Any CPU.Build.0 = Debug|Any CPU
		{6FF1E083-F856-4EED-ACE8-FFC68E2EAFEE}.Release|Any CPU.ActiveCfg = Release|Any CPU
		{6FF1E083-F856-4EED-ACE8-FFC68E2EAFEE}.Release|Any CPU.Build.0 = Release|Any CPU
	EndGlobalSection
	GlobalSection(SolutionProperties) = preSolution
		HideSolutionNode = FALSE
	EndGlobalSection
EndGlobal
